
Microsoft Visual Studio Solution File, Format Version 12.00
# Visual Studio Version 17
VisualStudioVersion = 17.5.002.0
MinimumVisualStudioVersion = 10.0.40219.1
Project("{2150E333-8FDC-42A3-9474-1A3956D46DE8}") = "Semana04", "Semana04", "{501659D0-9ABA-4EA1-B282-4935DF8945BA}"
EndProject
Project("{9A19103F-16F7-4668-BE54-9A1E7A4F7556}") = "main", "Semana04\NPCPerks\main.csproj", "{917CDEBF-A7ED-4DD4-8ADA-DACF31570536}"
EndProject
Project("{9A19103F-16F7-4668-BE54-9A1E7A4F7556}") = "main (1)", "Semana04\PrimeiroMetodo\main.csproj", "{4E02EA25-60FC-4E94-A046-ED4EBCA9C9FB}"
EndProject
Global
	GlobalSection(SolutionConfigurationPlatforms) = preSolution
		Debug|Any CPU = Debug|Any CPU
		Release|Any CPU = Release|Any CPU
	EndGlobalSection
	GlobalSection(ProjectConfigurationPlatforms) = postSolution
		{917CDEBF-A7ED-4DD4-8ADA-DACF31570536}.Debug|Any CPU.ActiveCfg = Debug|Any CPU
		{917CDEBF-A7ED-4DD4-8ADA-DACF31570536}.Debug|Any CPU.Build.0 = Debug|Any CPU
		{917CDEBF-A7ED-4DD4-8ADA-DACF31570536}.Release|Any CPU.ActiveCfg = Release|Any CPU
		{917CDEBF-A7ED-4DD4-8ADA-DACF31570536}.Release|Any CPU.Build.0 = Release|Any CPU
		{4E02EA25-60FC-4E94-A046-ED4EBCA9C9FB}.Debug|Any CPU.ActiveCfg = Debug|Any CPU
		{4E02EA25-60FC-4E94-A046-ED4EBCA9C9FB}.Debug|Any CPU.Build.0 = Debug|Any CPU
		{4E02EA25-60FC-4E94-A046-ED4EBCA9C9FB}.Release|Any CPU.ActiveCfg = Release|Any CPU
		{4E02EA25-60FC-4E94-A046-ED4EBCA9C9FB}.Release|Any CPU.Build.0 = Release|Any CPU
	EndGlobalSection
	GlobalSection(SolutionProperties) = preSolution
		HideSolutionNode = FALSE
	EndGlobalSection
	GlobalSection(NestedProjects) = preSolution
		{917CDEBF-A7ED-4DD4-8ADA-DACF31570536} = {501659D0-9ABA-4EA1-B282-4935DF8945BA}
		{4E02EA25-60FC-4E94-A046-ED4EBCA9C9FB} = {501659D0-9ABA-4EA1-B282-4935DF8945BA}
	EndGlobalSection
	GlobalSection(ExtensibilityGlobals) = postSolution
		SolutionGuid = {57F09E06-3F48-4B99-8086-13F441E0F6E7}
	EndGlobalSection
EndGlobal
